
Microsoft Visual Studio Solution File, Format Version 12.00
# Visual Studio Version 16
VisualStudioVersion = 16.0.31624.102
MinimumVisualStudioVersion = 10.0.40219.1
Project("{8BC9CEB8-8B4A-11D0-8D11-00A0C91BC942}") = "Project2", "Project2\Project2.vcxproj", "{32200E25-85D3-4D2C-A1BB-99C666B04C7F}"
EndProject
Global
	GlobalSection(SolutionConfigurationPlatforms) = preSolution
		Debug|x64 = Debug|x64
		Debug|x86 = Debug|x86
		Release|x64 = Release|x64
		Release|x86 = Release|x86
	EndGlobalSection
	GlobalSection(ProjectConfigurationPlatforms) = postSolution
		{32200E25-85D3-4D2C-A1BB-99C666B04C7F}.Debug|x64.ActiveCfg = Debug|x64
		{32200E25-85D3-4D2C-A1BB-99C666B04C7F}.Debug|x64.Build.0 = Debug|x64
		{32200E25-85D3-4D2C-A1BB-99C666B04C7F}.Debug|x86.ActiveCfg = Debug|Win32
		{32200E25-85D3-4D2C-A1BB-99C666B04C7F}.Debug|x86.Build.0 = Debug|Win32
		{32200E25-85D3-4D2C-A1BB-99C666B04C7F}.Release|x64.ActiveCfg = Release|x64
		{32200E25-85D3-4D2C-A1BB-99C666B04C7F}.Release|x64.Build.0 = Release|x64
		{32200E25-85D3-4D2C-A1BB-99C666B04C7F}.Release|x86.ActiveCfg = Release|Win32
		{32200E25-85D3-4D2C-A1BB-99C666B04C7F}.Release|x86.Build.0 = Release|Win32
	EndGlobalSection
	GlobalSection(SolutionProperties) = preSolution
		HideSolutionNode = FALSE
	EndGlobalSection
	GlobalSection(ExtensibilityGlobals) = postSolution
		SolutionGuid = {D6DF226E-5D2F-4AF1-AA05-FB5D66AD1A13}
	EndGlobalSection
EndGlobal
